
Microsoft Visual Studio Solution File, Format Version 12.00
# Visual Studio Version 17
VisualStudioVersion = 17.3.32929.385
MinimumVisualStudioVersion = 10.0.40219.1
Project("{FAE04EC0-301F-11D3-BF4B-00C04F79EFBC}") = "ConsoleApp15", "ConsoleApp15.csproj", "{C86C2104-74CF-4290-8419-C80B9AC4B00C}"
EndProject
Global
	GlobalSection(SolutionConfigurationPlatforms) = preSolution
		Debug|Any CPU = Debug|Any CPU
		Release|Any CPU = Release|Any CPU
	EndGlobalSection
	GlobalSection(ProjectConfigurationPlatforms) = postSolution
		{C86C2104-74CF-4290-8419-C80B9AC4B00C}.Debug|Any CPU.ActiveCfg = Debug|Any CPU
		{C86C2104-74CF-4290-8419-C80B9AC4B00C}.Debug|Any CPU.Build.0 = Debug|Any CPU
		{C86C2104-74CF-4290-8419-C80B9AC4B00C}.Release|Any CPU.ActiveCfg = Release|Any CPU
		{C86C2104-74CF-4290-8419-C80B9AC4B00C}.Release|Any CPU.Build.0 = Release|Any CPU
	EndGlobalSection
	GlobalSection(SolutionProperties) = preSolution
		HideSolutionNode = FALSE
	EndGlobalSection
	GlobalSection(ExtensibilityGlobals) = postSolution
		SolutionGuid = {17C8652D-758A-4EF7-91D1-9E939294A899}
	EndGlobalSection
EndGlobal
